<?xml version="1.0" encoding="utf-8"?>
<Project ToolsVersion="4.0" xmlns="http://schemas.microsoft.com/developer/msbuild/2003">
  <ItemGroup>
    <Filter Include="Исходные файлы">
      <UniqueIdentifier>{4FC737F1-C7A5-4376-A066-2A32D752A2FF}</UniqueIdentifier>
      <Extensions>cpp;c;cc;cxx;c++;cppm;ixx;def;odl;idl;hpj;bat;asm;asmx</Extensions>
    </Filter>
    <Filter Include="Файлы заголовков">
      <UniqueIdentifier>{93995380-89BD-4b04-88EB-625FBE52EBFB}</UniqueIdentifier>
      <Extensions>h;hh;hpp;hxx;h++;hm;inl;inc;ipp;xsd</Extensions>
    </Filter>
    <Filter Include="Файлы ресурсов">
      <UniqueIdentifier>{67DA6AB6-F800-4c08-8B7A-83BB121AAD01}</UniqueIdentifier>
      <Extensions>rc;ico;cur;bmp;dlg;rc2;rct;bin;rgs;gif;jpg;jpeg;jpe;resx;tiff;tif;png;wav;mfcribbon-ms</Extensions>
    </Filter>
  </ItemGroup>
  <ItemGroup>
    <ClCompile Include="src\main.cpp">
      <Filter>Исходные файлы</Filter>
    </ClCompile>
    <ClCompile Include="src\mp3Converter.cpp">
      <Filter>Исходные файлы</Filter>
    </ClCompile>
    <ClCompile Include="src\xmlBuild.cpp">
      <Filter>Исходные файлы</Filter>
    </ClCompile>
    <ClCompile Include="src\tuner.cpp">
      <Filter>Исходные файлы</Filter>
    </ClCompile>
    <ClCompile Include="src\musicLibrary.cpp">
      <Filter>Исходные файлы</Filter>
    </ClCompile>
  </ItemGroup>
  <ItemGroup>
    <ClInclude Include="include\fmt123.h">
      <Filter>Файлы заголовков</Filter>
    </ClInclude>
    <ClInclude Include="include\mpg123.h">
      <Filter>Файлы заголовков</Filter>
    </ClInclude>
    <ClInclude Include="include\out123.h">
      <Filter>Файлы заголовков</Filter>
    </ClInclude>
    <ClInclude Include="include\syn123.h">
      <Filter>Файлы заголовков</Filter>
    </ClInclude>
    <ClInclude Include="src\mp3Converter.h">
      <Filter>Исходные файлы</Filter>
    </ClInclude>
    <ClInclude Include="src\tuner.h">
      <Filter>Исходные файлы</Filter>
    </ClInclude>
    <ClInclude Include="src\xmlBuild.h">
      <Filter>Исходные файлы</Filter>
    </ClInclude>
    <ClInclude Include="src\musicLibrary.h">
      <Filter>Исходные файлы</Filter>
    </ClInclude>
    <ClInclude Include="include\musicxml\basevisitor.h">
      <Filter>Файлы заголовков</Filter>
    </ClInclude>
    <ClInclude Include="include\musicxml\bimap.h">
      <Filter>Файлы заголовков</Filter>
    </ClInclude>
    <ClInclude Include="include\musicxml\browser.h">
      <Filter>Файлы заголовков</Filter>
    </ClInclude>
    <ClInclude Include="include\musicxml\clefvisitor.h">
      <Filter>Файлы заголовков</Filter>
    </ClInclude>
    <ClInclude Include="include\musicxml\clonevisitor.h">
      <Filter>Файлы заголовков</Filter>
    </ClInclude>
    <ClInclude Include="include\musicxml\conversions.h">
      <Filter>Файлы заголовков</Filter>
    </ClInclude>
    <ClInclude Include="include\musicxml\ctree.h">
      <Filter>Файлы заголовков</Filter>
    </ClInclude>
    <ClInclude Include="include\musicxml\elements.h">
      <Filter>Файлы заголовков</Filter>
    </ClInclude>
    <ClInclude Include="include\musicxml\exports.h">
      <Filter>Файлы заголовков</Filter>
    </ClInclude>
    <ClInclude Include="include\musicxml\extraOptions.h">
      <Filter>Файлы заголовков</Filter>
    </ClInclude>
    <ClInclude Include="include\musicxml\factory.h">
      <Filter>Файлы заголовков</Filter>
    </ClInclude>
    <ClInclude Include="include\musicxml\functor.h">
      <Filter>Файлы заголовков</Filter>
    </ClInclude>
    <ClInclude Include="include\musicxml\generalOptions.h">
      <Filter>Файлы заголовков</Filter>
    </ClInclude>
    <ClInclude Include="include\musicxml\guido.h">
      <Filter>Файлы заголовков</Filter>
    </ClInclude>
    <ClInclude Include="include\musicxml\keysignvisitor.h">
      <Filter>Файлы заголовков</Filter>
    </ClInclude>
    <ClInclude Include="include\musicxml\keyvisitor.h">
      <Filter>Файлы заголовков</Filter>
    </ClInclude>
    <ClInclude Include="include\musicxml\libmusicxml.h">
      <Filter>Файлы заголовков</Filter>
    </ClInclude>
    <ClInclude Include="include\musicxml\lilypondOptions.h">
      <Filter>Файлы заголовков</Filter>
    </ClInclude>
    <ClInclude Include="include\musicxml\lpsr.h">
      <Filter>Файлы заголовков</Filter>
    </ClInclude>
    <ClInclude Include="include\musicxml\lpsr2LilypondInterface.h">
      <Filter>Файлы заголовков</Filter>
    </ClInclude>
    <ClInclude Include="include\musicxml\lpsr2LilypondTranslator.h">
      <Filter>Файлы заголовков</Filter>
    </ClInclude>
    <ClInclude Include="include\musicxml\lpsrBarNumbers.h">
      <Filter>Файлы заголовков</Filter>
    </ClInclude>
    <ClInclude Include="include\musicxml\lpsrBasicTypes.h">
      <Filter>Файлы заголовков</Filter>
    </ClInclude>
    <ClInclude Include="include\musicxml\lpsrComments.h">
      <Filter>Файлы заголовков</Filter>
    </ClInclude>
    <ClInclude Include="include\musicxml\lpsrContexts.h">
      <Filter>Файлы заголовков</Filter>
    </ClInclude>
    <ClInclude Include="include\musicxml\lpsrElements.h">
      <Filter>Файлы заголовков</Filter>
    </ClInclude>
    <ClInclude Include="include\musicxml\lpsrHeaders.h">
      <Filter>Файлы заголовков</Filter>
    </ClInclude>
    <ClInclude Include="include\musicxml\lpsrLayouts.h">
      <Filter>Файлы заголовков</Filter>
    </ClInclude>
    <ClInclude Include="include\musicxml\lpsrLyrics.h">
      <Filter>Файлы заголовков</Filter>
    </ClInclude>
    <ClInclude Include="include\musicxml\lpsrOptions.h">
      <Filter>Файлы заголовков</Filter>
    </ClInclude>
    <ClInclude Include="include\musicxml\lpsrPapers.h">
      <Filter>Файлы заголовков</Filter>
    </ClInclude>
    <ClInclude Include="include\musicxml\lpsrParallelMusic.h">
      <Filter>Файлы заголовков</Filter>
    </ClInclude>
    <ClInclude Include="include\musicxml\lpsrPartGroups.h">
      <Filter>Файлы заголовков</Filter>
    </ClInclude>
    <ClInclude Include="include\musicxml\lpsrParts.h">
      <Filter>Файлы заголовков</Filter>
    </ClInclude>
    <ClInclude Include="include\musicxml\lpsrScheme.h">
      <Filter>Файлы заголовков</Filter>
    </ClInclude>
    <ClInclude Include="include\musicxml\lpsrScores.h">
      <Filter>Файлы заголовков</Filter>
    </ClInclude>
    <ClInclude Include="include\musicxml\lpsrStaves.h">
      <Filter>Файлы заголовков</Filter>
    </ClInclude>
    <ClInclude Include="include\musicxml\lpsrVariables.h">
      <Filter>Файлы заголовков</Filter>
    </ClInclude>
    <ClInclude Include="include\musicxml\lpsrVarValAssocs.h">
      <Filter>Файлы заголовков</Filter>
    </ClInclude>
    <ClInclude Include="include\musicxml\lpsrVoices.h">
      <Filter>Файлы заголовков</Filter>
    </ClInclude>
    <ClInclude Include="include\musicxml\messagesHandling.h">
      <Filter>Файлы заголовков</Filter>
    </ClInclude>
    <ClInclude Include="include\musicxml\metronomevisitor.h">
      <Filter>Файлы заголовков</Filter>
    </ClInclude>
    <ClInclude Include="include\musicxml\midicontextvisitor.h">
      <Filter>Файлы заголовков</Filter>
    </ClInclude>
    <ClInclude Include="include\musicxml\msr.h">
      <Filter>Файлы заголовков</Filter>
    </ClInclude>
    <ClInclude Include="include\musicxml\msr2LpsrInterface.h">
      <Filter>Файлы заголовков</Filter>
    </ClInclude>
    <ClInclude Include="include\musicxml\msr2LpsrTranslator.h">
      <Filter>Файлы заголовков</Filter>
    </ClInclude>
    <ClInclude Include="include\musicxml\msr2Names.h">
      <Filter>Файлы заголовков</Filter>
    </ClInclude>
    <ClInclude Include="include\musicxml\msr2Summary.h">
      <Filter>Файлы заголовков</Filter>
    </ClInclude>
    <ClInclude Include="include\musicxml\msrArpeggiatos.h">
      <Filter>Файлы заголовков</Filter>
    </ClInclude>
    <ClInclude Include="include\musicxml\msrArticulations.h">
      <Filter>Файлы заголовков</Filter>
    </ClInclude>
    <ClInclude Include="include\musicxml\msrBars.h">
      <Filter>Файлы заголовков</Filter>
    </ClInclude>
    <ClInclude Include="include\musicxml\msrBasicTypes.h">
      <Filter>Файлы заголовков</Filter>
    </ClInclude>
    <ClInclude Include="include\musicxml\msrBeams.h">
      <Filter>Файлы заголовков</Filter>
    </ClInclude>
    <ClInclude Include="include\musicxml\msrBreaks.h">
      <Filter>Файлы заголовков</Filter>
    </ClInclude>
    <ClInclude Include="include\musicxml\msrClefs.h">
      <Filter>Файлы заголовков</Filter>
    </ClInclude>
    <ClInclude Include="include\musicxml\msrCredits.h">
      <Filter>Файлы заголовков</Filter>
    </ClInclude>
    <ClInclude Include="include\musicxml\msrDivisions.h">
      <Filter>Файлы заголовков</Filter>
    </ClInclude>
    <ClInclude Include="include\musicxml\msrDynamics.h">
      <Filter>Файлы заголовков</Filter>
    </ClInclude>
    <ClInclude Include="include\musicxml\msrElements.h">
      <Filter>Файлы заголовков</Filter>
    </ClInclude>
    <ClInclude Include="include\musicxml\msrEMPTY.h">
      <Filter>Файлы заголовков</Filter>
    </ClInclude>
    <ClInclude Include="include\musicxml\msrIdentification.h">
      <Filter>Файлы заголовков</Filter>
    </ClInclude>
    <ClInclude Include="include\musicxml\msrInstruments.h">
      <Filter>Файлы заголовков</Filter>
    </ClInclude>
    <ClInclude Include="include\musicxml\msrKeys.h">
      <Filter>Файлы заголовков</Filter>
    </ClInclude>
    <ClInclude Include="include\musicxml\msrLayout.h">
      <Filter>Файлы заголовков</Filter>
    </ClInclude>
    <ClInclude Include="include\musicxml\msrLigatures.h">
      <Filter>Файлы заголовков</Filter>
    </ClInclude>
    <ClInclude Include="include\musicxml\msrMidi.h">
      <Filter>Файлы заголовков</Filter>
    </ClInclude>
    <ClInclude Include="include\musicxml\msrMutuallyDependent.h">
      <Filter>Файлы заголовков</Filter>
    </ClInclude>
    <ClInclude Include="include\musicxml\msrOptions.h">
      <Filter>Файлы заголовков</Filter>
    </ClInclude>
    <ClInclude Include="include\musicxml\msrOtherElements.h">
      <Filter>Файлы заголовков</Filter>
    </ClInclude>
    <ClInclude Include="include\musicxml\msrPageGeometry.h">
      <Filter>Файлы заголовков</Filter>
    </ClInclude>
    <ClInclude Include="include\musicxml\msrPartGroups.h">
      <Filter>Файлы заголовков</Filter>
    </ClInclude>
    <ClInclude Include="include\musicxml\msrPartNamesDisplays.h">
      <Filter>Файлы заголовков</Filter>
    </ClInclude>
    <ClInclude Include="include\musicxml\msrRehearsals.h">
      <Filter>Файлы заголовков</Filter>
    </ClInclude>
    <ClInclude Include="include\musicxml\msrScores.h">
      <Filter>Файлы заголовков</Filter>
    </ClInclude>
    <ClInclude Include="include\musicxml\msrSlashes.h">
      <Filter>Файлы заголовков</Filter>
    </ClInclude>
    <ClInclude Include="include\musicxml\msrSlurs.h">
      <Filter>Файлы заголовков</Filter>
    </ClInclude>
    <ClInclude Include="include\musicxml\msrStavesDetails.h">
      <Filter>Файлы заголовков</Filter>
    </ClInclude>
    <ClInclude Include="include\musicxml\msrStems.h">
      <Filter>Файлы заголовков</Filter>
    </ClInclude>
    <ClInclude Include="include\musicxml\msrTablatures.h">
      <Filter>Файлы заголовков</Filter>
    </ClInclude>
    <ClInclude Include="include\musicxml\msrTechnicals.h">
      <Filter>Файлы заголовков</Filter>
    </ClInclude>
    <ClInclude Include="include\musicxml\msrTempos.h">
      <Filter>Файлы заголовков</Filter>
    </ClInclude>
    <ClInclude Include="include\musicxml\msrTies.h">
      <Filter>Файлы заголовков</Filter>
    </ClInclude>
    <ClInclude Include="include\musicxml\msrTimes.h">
      <Filter>Файлы заголовков</Filter>
    </ClInclude>
    <ClInclude Include="include\musicxml\msrTranspositions.h">
      <Filter>Файлы заголовков</Filter>
    </ClInclude>
    <ClInclude Include="include\musicxml\msrTremolos.h">
      <Filter>Файлы заголовков</Filter>
    </ClInclude>
    <ClInclude Include="include\musicxml\msrVarValAssocs.h">
      <Filter>Файлы заголовков</Filter>
    </ClInclude>
    <ClInclude Include="include\musicxml\msrWords.h">
      <Filter>Файлы заголовков</Filter>
    </ClInclude>
    <ClInclude Include="include\musicxml\musicXML2mxmlTreeInterface.h">
      <Filter>Файлы заголовков</Filter>
    </ClInclude>
    <ClInclude Include="include\musicxml\musicxmlfactory.h">
      <Filter>Файлы заголовков</Filter>
    </ClInclude>
    <ClInclude Include="include\musicxml\musicXMLOptions.h">
      <Filter>Файлы заголовков</Filter>
    </ClInclude>
    <ClInclude Include="include\musicxml\musicxmlquery.h">
      <Filter>Файлы заголовков</Filter>
    </ClInclude>
    <ClInclude Include="include\musicxml\mxmlTree2MsrSkeletonBuilder.h">
      <Filter>Файлы заголовков</Filter>
    </ClInclude>
    <ClInclude Include="include\musicxml\mxmlTree2MsrSkeletonBuilderInterface.h">
      <Filter>Файлы заголовков</Filter>
    </ClInclude>
    <ClInclude Include="include\musicxml\mxmlTree2MsrTranslator.h">
      <Filter>Файлы заголовков</Filter>
    </ClInclude>
    <ClInclude Include="include\musicxml\mxmlTree2MsrTranslatorInterface.h">
      <Filter>Файлы заголовков</Filter>
    </ClInclude>
    <ClInclude Include="include\musicxml\notevisitor.h">
      <Filter>Файлы заголовков</Filter>
    </ClInclude>
    <ClInclude Include="include\musicxml\optionsBasicTypes.h">
      <Filter>Файлы заголовков</Filter>
    </ClInclude>
    <ClInclude Include="include\musicxml\partlistvisitor.h">
      <Filter>Файлы заголовков</Filter>
    </ClInclude>
    <ClInclude Include="include\musicxml\partsummary.h">
      <Filter>Файлы заголовков</Filter>
    </ClInclude>
    <ClInclude Include="include\musicxml\rational.h">
      <Filter>Файлы заголовков</Filter>
    </ClInclude>
    <ClInclude Include="include\musicxml\reader.h">
      <Filter>Файлы заголовков</Filter>
    </ClInclude>
    <ClInclude Include="include\musicxml\setTraceOptionsIfDesired.h">
      <Filter>Файлы заголовков</Filter>
    </ClInclude>
    <ClInclude Include="include\musicxml\singleton.h">
      <Filter>Файлы заголовков</Filter>
    </ClInclude>
    <ClInclude Include="include\musicxml\smartlist.h">
      <Filter>Файлы заголовков</Filter>
    </ClInclude>
    <ClInclude Include="include\musicxml\smartpointer.h">
      <Filter>Файлы заголовков</Filter>
    </ClInclude>
    <ClInclude Include="include\musicxml\sortvisitor.h">
      <Filter>Файлы заголовков</Filter>
    </ClInclude>
    <ClInclude Include="include\musicxml\timesignvisitor.h">
      <Filter>Файлы заголовков</Filter>
    </ClInclude>
    <ClInclude Include="include\musicxml\traceOptions.h">
      <Filter>Файлы заголовков</Filter>
    </ClInclude>
    <ClInclude Include="include\musicxml\transposevisitor.h">
      <Filter>Файлы заголовков</Filter>
    </ClInclude>
    <ClInclude Include="include\musicxml\transposition.h">
      <Filter>Файлы заголовков</Filter>
    </ClInclude>
    <ClInclude Include="include\musicxml\tree_browser.h">
      <Filter>Файлы заголовков</Filter>
    </ClInclude>
    <ClInclude Include="include\musicxml\typedefs.h">
      <Filter>Файлы заголовков</Filter>
    </ClInclude>
    <ClInclude Include="include\musicxml\types.h">
      <Filter>Файлы заголовков</Filter>
    </ClInclude>
    <ClInclude Include="include\musicxml\unrolled_clonevisitor.h">
      <Filter>Файлы заголовков</Filter>
    </ClInclude>
    <ClInclude Include="include\musicxml\unrolled_xml_tree_browser.h">
      <Filter>Файлы заголовков</Filter>
    </ClInclude>
    <ClInclude Include="include\musicxml\utilities.h">
      <Filter>Файлы заголовков</Filter>
    </ClInclude>
    <ClInclude Include="include\musicxml\version.h">
      <Filter>Файлы заголовков</Filter>
    </ClInclude>
    <ClInclude Include="include\musicxml\versions.h">
      <Filter>Файлы заголовков</Filter>
    </ClInclude>
    <ClInclude Include="include\musicxml\visitable.h">
      <Filter>Файлы заголовков</Filter>
    </ClInclude>
    <ClInclude Include="include\musicxml\visitor.h">
      <Filter>Файлы заголовков</Filter>
    </ClInclude>
    <ClInclude Include="include\musicxml\xml.h">
      <Filter>Файлы заголовков</Filter>
    </ClInclude>
    <ClInclude Include="include\musicxml\xml_tree_browser.h">
      <Filter>Файлы заголовков</Filter>
    </ClInclude>
    <ClInclude Include="include\musicxml\xml2guidovisitor.h">
      <Filter>Файлы заголовков</Filter>
    </ClInclude>
    <ClInclude Include="include\musicxml\xml2lyOptionsHandling.h">
      <Filter>Файлы заголовков</Filter>
    </ClInclude>
    <ClInclude Include="include\musicxml\xmlfile.h">
      <Filter>Файлы заголовков</Filter>
    </ClInclude>
    <ClInclude Include="include\musicxml\xmlpart2guido.h">
      <Filter>Файлы заголовков</Filter>
    </ClInclude>
    <ClInclude Include="include\musicxml\xmlreader.h">
      <Filter>Файлы заголовков</Filter>
    </ClInclude>
    <ClInclude Include="include\musicxml\xmlvisitor.h">
      <Filter>Файлы заголовков</Filter>
    </ClInclude>
    <ClInclude Include="include\fftw3.h">
      <Filter>Файлы заголовков</Filter>
    </ClInclude>
  </ItemGroup>
</Project>